
Microsoft Visual Studio Solution File, Format Version 12.00
# Visual Studio Version 16
VisualStudioVersion = 16.0.31702.278
MinimumVisualStudioVersion = 10.0.40219.1
Project("{8BC9CEB8-8B4A-11D0-8D11-00A0C91BC942}") = "openglCN", "openglCN\openglCN.vcxproj", "{290C722B-ACF9-49DE-911B-279A97AC0B00}"
EndProject
Project("{8BC9CEB8-8B4A-11D0-8D11-00A0C91BC942}") = "hello-2", "hello-2\hello-2.vcxproj", "{D7C8FDAE-BCBF-40C9-96B9-2EB938D78D25}"
EndProject
Global
	GlobalSection(SolutionConfigurationPlatforms) = preSolution
		Debug|x64 = Debug|x64
		Debug|x86 = Debug|x86
		Release|x64 = Release|x64
		Release|x86 = Release|x86
	EndGlobalSection
	GlobalSection(ProjectConfigurationPlatforms) = postSolution
		{290C722B-ACF9-49DE-911B-279A97AC0B00}.Debug|x64.ActiveCfg = Debug|x64
		{290C722B-ACF9-49DE-911B-279A97AC0B00}.Debug|x64.Build.0 = Debug|x64
		{290C722B-ACF9-49DE-911B-279A97AC0B00}.Debug|x86.ActiveCfg = Debug|Win32
		{290C722B-ACF9-49DE-911B-279A97AC0B00}.Debug|x86.Build.0 = Debug|Win32
		{290C722B-ACF9-49DE-911B-279A97AC0B00}.Release|x64.ActiveCfg = Release|x64
		{290C722B-ACF9-49DE-911B-279A97AC0B00}.Release|x64.Build.0 = Release|x64
		{290C722B-ACF9-49DE-911B-279A97AC0B00}.Release|x86.ActiveCfg = Release|Win32
		{290C722B-ACF9-49DE-911B-279A97AC0B00}.Release|x86.Build.0 = Release|Win32
		{D7C8FDAE-BCBF-40C9-96B9-2EB938D78D25}.Debug|x64.ActiveCfg = Debug|x64
		{D7C8FDAE-BCBF-40C9-96B9-2EB938D78D25}.Debug|x64.Build.0 = Debug|x64
		{D7C8FDAE-BCBF-40C9-96B9-2EB938D78D25}.Debug|x86.ActiveCfg = Debug|Win32
		{D7C8FDAE-BCBF-40C9-96B9-2EB938D78D25}.Debug|x86.Build.0 = Debug|Win32
		{D7C8FDAE-BCBF-40C9-96B9-2EB938D78D25}.Release|x64.ActiveCfg = Release|x64
		{D7C8FDAE-BCBF-40C9-96B9-2EB938D78D25}.Release|x64.Build.0 = Release|x64
		{D7C8FDAE-BCBF-40C9-96B9-2EB938D78D25}.Release|x86.ActiveCfg = Release|Win32
		{D7C8FDAE-BCBF-40C9-96B9-2EB938D78D25}.Release|x86.Build.0 = Release|Win32
	EndGlobalSection
	GlobalSection(SolutionProperties) = preSolution
		HideSolutionNode = FALSE
	EndGlobalSection
	GlobalSection(ExtensibilityGlobals) = postSolution
		SolutionGuid = {FE79B29C-9044-4471-A0B2-88601E8D6557}
	EndGlobalSection
EndGlobal
